
Microsoft Visual Studio Solution File, Format Version 12.00
# Visual Studio Version 17
VisualStudioVersion = 17.1.32328.378
MinimumVisualStudioVersion = 10.0.40219.1
Project("{FAE04EC0-301F-11D3-BF4B-00C04F79EFBC}") = "KubeDog", "KubeDog\KubeDog.csproj", "{75D85D5E-2F2B-4226-A2E7-D6A16C27078D}"
EndProject
Project("{2150E333-8FDC-42A3-9474-1A3956D46DE8}") = "Solution Items", "Solution Items", "{A735662A-6DC3-4A07-A071-7F580FC78031}"
	ProjectSection(SolutionItems) = preProject
		.editorconfig = .editorconfig
	EndProjectSection
EndProject
Global
	GlobalSection(SolutionConfigurationPlatforms) = preSolution
		Debug|Any CPU = Debug|Any CPU
		Release|Any CPU = Release|Any CPU
	EndGlobalSection
	GlobalSection(ProjectConfigurationPlatforms) = postSolution
		{75D85D5E-2F2B-4226-A2E7-D6A16C27078D}.Debug|Any CPU.ActiveCfg = Debug|Any CPU
		{75D85D5E-2F2B-4226-A2E7-D6A16C27078D}.Debug|Any CPU.Build.0 = Debug|Any CPU
		{75D85D5E-2F2B-4226-A2E7-D6A16C27078D}.Release|Any CPU.ActiveCfg = Release|Any CPU
		{75D85D5E-2F2B-4226-A2E7-D6A16C27078D}.Release|Any CPU.Build.0 = Release|Any CPU
	EndGlobalSection
	GlobalSection(SolutionProperties) = preSolution
		HideSolutionNode = FALSE
	EndGlobalSection
	GlobalSection(ExtensibilityGlobals) = postSolution
		SolutionGuid = {84650390-56E6-4661-8809-F41D1D623822}
	EndGlobalSection
EndGlobal
